
Microsoft Visual Studio Solution File, Format Version 12.00
# Visual Studio 15
VisualStudioVersion = 15.0.27428.2043
MinimumVisualStudioVersion = 10.0.40219.1
Project("{FAE04EC0-301F-11D3-BF4B-00C04F79EFBC}") = "Buffer", "Buffer\Buffer.csproj", "{11AA562B-3AB6-4CDD-A8A5-1EE4B95B03E6}"
EndProject
Global
	GlobalSection(SolutionConfigurationPlatforms) = preSolution
		Debug|Any CPU = Debug|Any CPU
		Release|Any CPU = Release|Any CPU
	EndGlobalSection
	GlobalSection(ProjectConfigurationPlatforms) = postSolution
		{11AA562B-3AB6-4CDD-A8A5-1EE4B95B03E6}.Debug|Any CPU.ActiveCfg = Debug|Any CPU
		{11AA562B-3AB6-4CDD-A8A5-1EE4B95B03E6}.Debug|Any CPU.Build.0 = Debug|Any CPU
		{11AA562B-3AB6-4CDD-A8A5-1EE4B95B03E6}.Release|Any CPU.ActiveCfg = Release|Any CPU
		{11AA562B-3AB6-4CDD-A8A5-1EE4B95B03E6}.Release|Any CPU.Build.0 = Release|Any CPU
	EndGlobalSection
	GlobalSection(SolutionProperties) = preSolution
		HideSolutionNode = FALSE
	EndGlobalSection
	GlobalSection(ExtensibilityGlobals) = postSolution
		SolutionGuid = {20DFB3EE-6014-468E-9C06-8028F0E49EF5}
	EndGlobalSection
EndGlobal
